
Microsoft Visual Studio Solution File, Format Version 12.00
# Visual Studio Version 17
VisualStudioVersion = 17.7.34202.233
MinimumVisualStudioVersion = 10.0.40219.1
Project("{FAE04EC0-301F-11D3-BF4B-00C04F79EFBC}") = "Exercicio 6", "Exercicio 6.csproj", "{6307143E-9A12-43F4-AD9E-A3D93F416874}"
EndProject
Global
	GlobalSection(SolutionConfigurationPlatforms) = preSolution
		Debug|Any CPU = Debug|Any CPU
		Release|Any CPU = Release|Any CPU
	EndGlobalSection
	GlobalSection(ProjectConfigurationPlatforms) = postSolution
		{6307143E-9A12-43F4-AD9E-A3D93F416874}.Debug|Any CPU.ActiveCfg = Debug|Any CPU
		{6307143E-9A12-43F4-AD9E-A3D93F416874}.Debug|Any CPU.Build.0 = Debug|Any CPU
		{6307143E-9A12-43F4-AD9E-A3D93F416874}.Release|Any CPU.ActiveCfg = Release|Any CPU
		{6307143E-9A12-43F4-AD9E-A3D93F416874}.Release|Any CPU.Build.0 = Release|Any CPU
	EndGlobalSection
	GlobalSection(SolutionProperties) = preSolution
		HideSolutionNode = FALSE
	EndGlobalSection
	GlobalSection(ExtensibilityGlobals) = postSolution
		SolutionGuid = {492456A8-714D-40CC-9A8C-C7886FB0686D}
	EndGlobalSection
EndGlobal
